
Microsoft Visual Studio Solution File, Format Version 12.00
# Visual Studio Version 16
VisualStudioVersion = 16.0.31624.102
MinimumVisualStudioVersion = 10.0.40219.1
Project("{FAE04EC0-301F-11D3-BF4B-00C04F79EFBC}") = "Laba", "Laba\Laba.csproj", "{772919DB-A75D-4772-8E3D-BFAB0DB70F63}"
EndProject
Project("{FAE04EC0-301F-11D3-BF4B-00C04F79EFBC}") = "LabaTests", "LabaTests\LabaTests.csproj", "{EBD99958-9ECA-44B3-9145-E5482D4141CC}"
EndProject
Global
	GlobalSection(SolutionConfigurationPlatforms) = preSolution
		Debug|Any CPU = Debug|Any CPU
		Release|Any CPU = Release|Any CPU
	EndGlobalSection
	GlobalSection(ProjectConfigurationPlatforms) = postSolution
		{772919DB-A75D-4772-8E3D-BFAB0DB70F63}.Debug|Any CPU.ActiveCfg = Debug|Any CPU
		{772919DB-A75D-4772-8E3D-BFAB0DB70F63}.Debug|Any CPU.Build.0 = Debug|Any CPU
		{772919DB-A75D-4772-8E3D-BFAB0DB70F63}.Release|Any CPU.ActiveCfg = Release|Any CPU
		{772919DB-A75D-4772-8E3D-BFAB0DB70F63}.Release|Any CPU.Build.0 = Release|Any CPU
		{EBD99958-9ECA-44B3-9145-E5482D4141CC}.Debug|Any CPU.ActiveCfg = Debug|Any CPU
		{EBD99958-9ECA-44B3-9145-E5482D4141CC}.Debug|Any CPU.Build.0 = Debug|Any CPU
		{EBD99958-9ECA-44B3-9145-E5482D4141CC}.Release|Any CPU.ActiveCfg = Release|Any CPU
		{EBD99958-9ECA-44B3-9145-E5482D4141CC}.Release|Any CPU.Build.0 = Release|Any CPU
	EndGlobalSection
	GlobalSection(SolutionProperties) = preSolution
		HideSolutionNode = FALSE
	EndGlobalSection
	GlobalSection(ExtensibilityGlobals) = postSolution
		SolutionGuid = {1E31C74A-B887-458D-9E8C-B7999EF42FB3}
	EndGlobalSection
EndGlobal
